
Microsoft Visual Studio Solution File, Format Version 12.00
# Visual Studio 15
VisualStudioVersion = 15.0.27130.2036
MinimumVisualStudioVersion = 10.0.40219.1
Project("{FAE04EC0-301F-11D3-BF4B-00C04F79EFBC}") = "CharacterCreator", "CharacterCreator\CharacterCreator.csproj", "{C370F6A8-5C6B-4771-93FC-BD5082A2662D}"
EndProject
Global
	GlobalSection(SolutionConfigurationPlatforms) = preSolution
		Debug|Any CPU = Debug|Any CPU
		Release|Any CPU = Release|Any CPU
	EndGlobalSection
	GlobalSection(ProjectConfigurationPlatforms) = postSolution
		{C370F6A8-5C6B-4771-93FC-BD5082A2662D}.Debug|Any CPU.ActiveCfg = Debug|Any CPU
		{C370F6A8-5C6B-4771-93FC-BD5082A2662D}.Debug|Any CPU.Build.0 = Debug|Any CPU
		{C370F6A8-5C6B-4771-93FC-BD5082A2662D}.Release|Any CPU.ActiveCfg = Release|Any CPU
		{C370F6A8-5C6B-4771-93FC-BD5082A2662D}.Release|Any CPU.Build.0 = Release|Any CPU
	EndGlobalSection
	GlobalSection(SolutionProperties) = preSolution
		HideSolutionNode = FALSE
	EndGlobalSection
	GlobalSection(ExtensibilityGlobals) = postSolution
		SolutionGuid = {309E98EE-BF9E-48BC-8BF2-9AC5091EB02C}
	EndGlobalSection
EndGlobal
